
Microsoft Visual Studio Solution File, Format Version 12.00
# Visual Studio Version 17
VisualStudioVersion = 17.6.33815.320
MinimumVisualStudioVersion = 10.0.40219.1
Project("{FAE04EC0-301F-11D3-BF4B-00C04F79EFBC}") = "DreamyResort.Web", "DreamyResort.Web\DreamyResort.Web.csproj", "{E826547C-83E5-4641-91DE-594ABB1BBFA4}"
EndProject
Global
	GlobalSection(SolutionConfigurationPlatforms) = preSolution
		Debug|Any CPU = Debug|Any CPU
		Release|Any CPU = Release|Any CPU
	EndGlobalSection
	GlobalSection(ProjectConfigurationPlatforms) = postSolution
		{E826547C-83E5-4641-91DE-594ABB1BBFA4}.Debug|Any CPU.ActiveCfg = Debug|Any CPU
		{E826547C-83E5-4641-91DE-594ABB1BBFA4}.Debug|Any CPU.Build.0 = Debug|Any CPU
		{E826547C-83E5-4641-91DE-594ABB1BBFA4}.Release|Any CPU.ActiveCfg = Release|Any CPU
		{E826547C-83E5-4641-91DE-594ABB1BBFA4}.Release|Any CPU.Build.0 = Release|Any CPU
	EndGlobalSection
	GlobalSection(SolutionProperties) = preSolution
		HideSolutionNode = FALSE
	EndGlobalSection
	GlobalSection(ExtensibilityGlobals) = postSolution
		SolutionGuid = {84216813-7E04-4E6C-8065-7BFAD944E729}
	EndGlobalSection
EndGlobal
